// !$*UTF8*$!
{
	archiveVersion = 1;
	classes = {
	};
	objectVersion = 48;
	objects = {

/* Begin PBXBuildFile section */
		1B067D4B20583727005CD630 /* AppDelegate.swift in Sources */ = {isa = PBXBuildFile; fileRef = 1B067D4A20583727005CD630 /* AppDelegate.swift */; };
		1B067D5020583727005CD630 /* Main.storyboard in Resources */ = {isa = PBXBuildFile; fileRef = 1B067D4E20583727005CD630 /* Main.storyboard */; };
		1B067D5220583727005CD630 /* Assets.xcassets in Resources */ = {isa = PBXBuildFile; fileRef = 1B067D5120583727005CD630 /* Assets.xcassets */; };
		1B067D5520583727005CD630 /* LaunchScreen.storyboard in Resources */ = {isa = PBXBuildFile; fileRef = 1B067D5320583727005CD630 /* LaunchScreen.storyboard */; };
		1B067D5D20584896005CD630 /* LoginViewController.swift in Sources */ = {isa = PBXBuildFile; fileRef = 1B067D5C20584896005CD630 /* LoginViewController.swift */; };
		1B067D5F205848A0005CD630 /* HomeViewController.swift in Sources */ = {isa = PBXBuildFile; fileRef = 1B067D5E205848A0005CD630 /* HomeViewController.swift */; };
		1B067D6120584901005CD630 /* NewViewController.swift in Sources */ = {isa = PBXBuildFile; fileRef = 1B067D6020584901005CD630 /* NewViewController.swift */; };
		1B067D632058493A005CD630 /* PopularViewController.swift in Sources */ = {isa = PBXBuildFile; fileRef = 1B067D622058493A005CD630 /* PopularViewController.swift */; };
		1B067D65205849A8005CD630 /* FeatureViewController.swift in Sources */ = {isa = PBXBuildFile; fileRef = 1B067D64205849A8005CD630 /* FeatureViewController.swift */; };
		1B067D67205849BE005CD630 /* AccountViewController.swift in Sources */ = {isa = PBXBuildFile; fileRef = 1B067D66205849BE005CD630 /* AccountViewController.swift */; };
		1B067D69205849D7005CD630 /* AboutViewController.swift in Sources */ = {isa = PBXBuildFile; fileRef = 1B067D68205849D7005CD630 /* AboutViewController.swift */; };
		1B067D6B205849F6005CD630 /* ContactViewController.swift in Sources */ = {isa = PBXBuildFile; fileRef = 1B067D6A205849F6005CD630 /* ContactViewController.swift */; };
/* End PBXBuildFile section */

/* Begin PBXFileReference section */
		1B067D4720583727005CD630 /* UINavigationControllerExample.app */ = {isa = PBXFileReference; explicitFileType = wrapper.application; includeInIndex = 0; path = UINavigationControllerExample.app; sourceTree = BUILT_PRODUCTS_DIR; };
		1B067D4A20583727005CD630 /* AppDelegate.swift */ = {isa = PBXFileReference; lastKnownFileType = sourcecode.swift; path = AppDelegate.swift; sourceTree = "<group>"; };
		1B067D4F20583727005CD630 /* Base */ = {isa = PBXFileReference; lastKnownFileType = file.storyboard; name = Base; path = Base.lproj/Main.storyboard; sourceTree = "<group>"; };
		1B067D5120583727005CD630 /* Assets.xcassets */ = {isa = PBXFileReference; lastKnownFileType = folder.assetcatalog; path = Assets.xcassets; sourceTree = "<group>"; };
		1B067D5420583727005CD630 /* Base */ = {isa = PBXFileReference; lastKnownFileType = file.storyboard; name = Base; path = Base.lproj/LaunchScreen.storyboard; sourceTree = "<group>"; };
		1B067D5620583727005CD630 /* Info.plist */ = {isa = PBXFileReference; lastKnownFileType = text.plist.xml; path = Info.plist; sourceTree = "<group>"; };
		1B067D5C20584896005CD630 /* LoginViewController.swift */ = {isa = PBXFileReference; lastKnownFileType = sourcecode.swift; path = LoginViewController.swift; sourceTree = "<group>"; };
		1B067D5E205848A0005CD630 /* HomeViewController.swift */ = {isa = PBXFileReference; lastKnownFileType = sourcecode.swift; path = HomeViewController.swift; sourceTree = "<group>"; };
		1B067D6020584901005CD630 /* NewViewController.swift */ = {isa = PBXFileReference; lastKnownFileType = sourcecode.swift; path = NewViewController.swift; sourceTree = "<group>"; };
		1B067D622058493A005CD630 /* PopularViewController.swift */ = {isa = PBXFileReference; lastKnownFileType = sourcecode.swift; path = PopularViewController.swift; sourceTree = "<group>"; };
		1B067D64205849A8005CD630 /* FeatureViewController.swift */ = {isa = PBXFileReference; lastKnownFileType = sourcecode.swift; path = FeatureViewController.swift; sourceTree = "<group>"; };
		1B067D66205849BE005CD630 /* AccountViewController.swift */ = {isa = PBXFileReference; lastKnownFileType = sourcecode.swift; path = AccountViewController.swift; sourceTree = "<group>"; };
		1B067D68205849D7005CD630 /* AboutViewController.swift */ = {isa = PBXFileReference; lastKnownFileType = sourcecode.swift; path = AboutViewController.swift; sourceTree = "<group>"; };
		1B067D6A205849F6005CD630 /* ContactViewController.swift */ = {isa = PBXFileReference; lastKnownFileType = sourcecode.swift; path = ContactViewController.swift; sourceTree = "<group>"; };
/* End PBXFileReference section */

/* Begin PBXFrameworksBuildPhase section */
		1B067D4420583727005CD630 /* Frameworks */ = {
			isa = PBXFrameworksBuildPhase;
			buildActionMask = 2147483647;
			files = (
			);
			runOnlyForDeploymentPostprocessing = 0;
		};
/* End PBXFrameworksBuildPhase section */

/* Begin PBXGroup section */
		1B067D3E20583727005CD630 = {
			isa = PBXGroup;
			children = (
				1B067D4920583727005CD630 /* UINavigationControllerExample */,
				1B067D4820583727005CD630 /* Products */,
			);
			sourceTree = "<group>";
		};
		1B067D4820583727005CD630 /* Products */ = {
			isa = PBXGroup;
			children = (
				1B067D4720583727005CD630 /* UINavigationControllerExample.app */,
			);
			name = Products;
			sourceTree = "<group>";
		};
		1B067D4920583727005CD630 /* UINavigationControllerExample */ = {
			isa = PBXGroup;
			children = (
				1B067D4A20583727005CD630 /* AppDelegate.swift */,
				1B067D4E20583727005CD630 /* Main.storyboard */,
				1B067D5120583727005CD630 /* Assets.xcassets */,
				1B067D5320583727005CD630 /* LaunchScreen.storyboard */,
				1B067D5620583727005CD630 /* Info.plist */,
				1B067D5C20584896005CD630 /* LoginViewController.swift */,
				1B067D5E205848A0005CD630 /* HomeViewController.swift */,
				1B067D6020584901005CD630 /* NewViewController.swift */,
				1B067D622058493A005CD630 /* PopularViewController.swift */,
				1B067D64205849A8005CD630 /* FeatureViewController.swift */,
				1B067D66205849BE005CD630 /* AccountViewController.swift */,
				1B067D68205849D7005CD630 /* AboutViewController.swift */,
				1B067D6A205849F6005CD630 /* ContactViewController.swift */,
			);
			path = UINavigationControllerExample;
			sourceTree = "<group>";
		};
/* End PBXGroup section */

/* Begin PBXNativeTarget section */
		1B067D4620583727005CD630 /* UINavigationControllerExample */ = {
			isa = PBXNativeTarget;
			buildConfigurationList = 1B067D5920583727005CD630 /* Build configuration list for PBXNativeTarget "UINavigationControllerExample" */;
			buildPhases = (
				1B067D4320583727005CD630 /* Sources */,
				1B067D4420583727005CD630 /* Frameworks */,
				1B067D4520583727005CD630 /* Resources */,
			);
			buildRules = (
			);
			dependencies = (
			);
			name = UINavigationControllerExample;
			productName = UINavigationControllerExample;
			productReference = 1B067D4720583727005CD630 /* UINavigationControllerExample.app */;
			productType = "com.apple.product-type.application";
		};
/* End PBXNativeTarget section */

/* Begin PBXProject section */
		1B067D3F20583727005CD630 /* Project object */ = {
			isa = PBXProject;
			attributes = {
				LastSwiftUpdateCheck = 0900;
				LastUpgradeCheck = 0900;
				ORGANIZATIONNAME = "Chhai Chivon";
				TargetAttributes = {
					1B067D4620583727005CD630 = {
						CreatedOnToolsVersion = 9.0;
						ProvisioningStyle = Automatic;
					};
				};
			};
			buildConfigurationList = 1B067D4220583727005CD630 /* Build configuration list for PBXProject "UINavigationControllerExample" */;
			compatibilityVersion = "Xcode 8.0";
			developmentRegion = en;
			hasScannedForEncodings = 0;
			knownRegions = (
				en,
				Base,
			);
			mainGroup = 1B067D3E20583727005CD630;
			productRefGroup = 1B067D4820583727005CD630 /* Products */;
			projectDirPath = "";
			projectRoot = "";
			targets = (
				1B067D4620583727005CD630 /* UINavigationControllerExample */,
			);
		};
/* End PBXProject section */

/* Begin PBXResourcesBuildPhase section */
		1B067D4520583727005CD630 /* Resources */ = {
			isa = PBXResourcesBuildPhase;
			buildActionMask = 2147483647;
			files = (
				1B067D5520583727005CD630 /* LaunchScreen.storyboard in Resources */,
				1B067D5220583727005CD630 /* Assets.xcassets in Resources */,
				1B067D5020583727005CD630 /* Main.storyboard in Resources */,
			);
			runOnlyForDeploymentPostprocessing = 0;
		};
/* End PBXResourcesBuildPhase section */

/* Begin PBXSourcesBuildPhase section */
		1B067D4320583727005CD630 /* Sources */ = {
			isa = PBXSourcesBuildPhase;
			buildActionMask = 2147483647;
			files = (
				1B067D632058493A005CD630 /* PopularViewController.swift in Sources */,
				1B067D65205849A8005CD630 /* FeatureViewController.swift in Sources */,
				1B067D67205849BE005CD630 /* AccountViewController.swift in Sources */,
				1B067D69205849D7005CD630 /* AboutViewController.swift in Sources */,
				1B067D5D20584896005CD630 /* LoginViewController.swift in Sources */,
				1B067D6120584901005CD630 /* NewViewController.swift in Sources */,
				1B067D4B20583727005CD630 /* AppDelegate.swift in Sources */,
				1B067D5F205848A0005CD630 /* HomeViewController.swift in Sources */,
				1B067D6B205849F6005CD630 /* ContactViewController.swift in Sources */,
			);
			runOnlyForDeploymentPostprocessing = 0;
		};
/* End PBXSourcesBuildPhase section */

/* Begin PBXVariantGroup section */
		1B067D4E20583727005CD630 /* Main.storyboard */ = {
			isa = PBXVariantGroup;
			children = (
				1B067D4F20583727005CD630 /* Base */,
			);
			name = Main.storyboard;
			sourceTree = "<group>";
		};
		1B067D5320583727005CD630 /* LaunchScreen.storyboard */ = {
			isa = PBXVariantGroup;
			children = (
				1B067D5420583727005CD630 /* Base */,
			);
			name = LaunchScreen.storyboard;
			sourceTree = "<group>";
		};
/* End PBXVariantGroup section */

/* Begin XCBuildConfiguration section */
		1B067D5720583727005CD630 /* Debug */ = {
			isa = XCBuildConfiguration;
			buildSettings = {
				ALWAYS_SEARCH_USER_PATHS = NO;
				CLANG_ANALYZER_NONNULL = YES;
				CLANG_ANALYZER_NUMBER_OBJECT_CONVERSION = YES_AGGRESSIVE;
				CLANG_CXX_LANGUAGE_STANDARD = "gnu++14";
				CLANG_CXX_LIBRARY = "libc++";
				CLANG_ENABLE_MODULES = YES;
				CLANG_ENABLE_OBJC_ARC = YES;
				CLANG_WARN_BLOCK_CAPTURE_AUTORELEASING = YES;
				CLANG_WARN_BOOL_CONVERSION = YES;
				CLANG_WARN_COMMA = YES;
				CLANG_WARN_CONSTANT_CONVERSION = YES;
				CLANG_WARN_DIRECT_OBJC_ISA_USAGE = YES_ERROR;
				CLANG_WARN_DOCUMENTATION_COMMENTS = YES;
				CLANG_WARN_EMPTY_BODY = YES;
				CLANG_WARN_ENUM_CONVERSION = YES;
				CLANG_WARN_INFINITE_RECURSION = YES;
				CLANG_WARN_INT_CONVERSION = YES;
				CLANG_WARN_NON_LITERAL_NULL_CONVERSION = YES;
				CLANG_WARN_OBJC_LITERAL_CONVERSION = YES;
				CLANG_WARN_OBJC_ROOT_CLASS = YES_ERROR;
				CLANG_WARN_RANGE_LOOP_ANALYSIS = YES;
				CLANG_WARN_STRICT_PROTOTYPES = YES;
				CLANG_WARN_SUSPICIOUS_MOVE = YES;
				CLANG_WARN_UNGUARDED_AVAILABILITY = YES_AGGRESSIVE;
				CLANG_WARN_UNREACHABLE_CODE = YES;
				CLANG_WARN__DUPLICATE_METHOD_MATCH = YES;
				CODE_SIGN_IDENTITY = "iPhone Developer";
				COPY_PHASE_STRIP = NO;
				DEBUG_INFORMATION_FORMAT = dwarf;
				ENABLE_STRICT_OBJC_MSGSEND = YES;
				ENABLE_TESTABILITY = YES;
				GCC_C_LANGUAGE_STANDARD = gnu11;
				GCC_DYNAMIC_NO_PIC = NO;
				GCC_NO_COMMON_BLOCKS = YES;
				GCC_OPTIMIZATION_LEVEL = 0;
				GCC_PREPROCESSOR_DEFINITIONS = (
					"DEBUG=1",
					"$(inherited)",
				);
				GCC_WARN_64_TO_32_BIT_CONVERSION = YES;
				GCC_WARN_ABOUT_RETURN_TYPE = YES_ERROR;
				GCC_WARN_UNDECLARED_SELECTOR = YES;
				GCC_WARN_UNINITIALIZED_AUTOS = YES_AGGRESSIVE;
				GCC_WARN_UNUSED_FUNCTION = YES;
				GCC_WARN_UNUSED_VARIABLE = YES;
				IPHONEOS_DEPLOYMENT_TARGET = 11.0;
				MTL_ENABLE_DEBUG_INFO = YES;
				ONLY_ACTIVE_ARCH = YES;
				SDKROOT = iphoneos;
				SWIFT_ACTIVE_COMPILATION_CONDITIONS = DEBUG;
				SWIFT_OPTIMIZATION_LEVEL = "-Onone";
			};
			name = Debug;
		};
		1B067D5820583727005CD630 /* Release */ = {
			isa = XCBuildConfiguration;
			buildSettings = {
				ALWAYS_SEARCH_USER_PATHS = NO;
				CLANG_ANALYZER_NONNULL = YES;
				CLANG_ANALYZER_NUMBER_OBJECT_CONVERSION = YES_AGGRESSIVE;
				CLANG_CXX_LANGUAGE_STANDARD = "gnu++14";
				CLANG_CXX_LIBRARY = "libc++";
				CLANG_ENABLE_MODULES = YES;
				CLANG_ENABLE_OBJC_ARC = YES;
				CLANG_WARN_BLOCK_CAPTURE_AUTORELEASING = YES;
				CLANG_WARN_BOOL_CONVERSION = YES;
				CLANG_WARN_COMMA = YES;
				CLANG_WARN_CONSTANT_CONVERSION = YES;
				CLANG_WARN_DIRECT_OBJC_ISA_USAGE = YES_ERROR;
				CLANG_WARN_DOCUMENTATION_COMMENTS = YES;
				CLANG_WARN_EMPTY_BODY = YES;
				CLANG_WARN_ENUM_CONVERSION = YES;
				CLANG_WARN_INFINITE_RECURSION = YES;
				CLANG_WARN_INT_CONVERSION = YES;
				CLANG_WARN_NON_LITERAL_NULL_CONVERSION = YES;
				CLANG_WARN_OBJC_LITERAL_CONVERSION = YES;
				CLANG_WARN_OBJC_ROOT_CLASS = YES_ERROR;
				CLANG_WARN_RANGE_LOOP_ANALYSIS = YES;
				CLANG_WARN_STRICT_PROTOTYPES = YES;
				CLANG_WARN_SUSPICIOUS_MOVE = YES;
				CLANG_WARN_UNGUARDED_AVAILABILITY = YES_AGGRESSIVE;
				CLANG_WARN_UNREACHABLE_CODE = YES;
				CLANG_WARN__DUPLICATE_METHOD_MATCH = YES;
				CODE_SIGN_IDENTITY = "iPhone Developer";
				COPY_PHASE_STRIP = NO;
				DEBUG_INFORMATION_FORMAT = "dwarf-with-dsym";
				ENABLE_NS_ASSERTIONS = NO;
				ENABLE_STRICT_OBJC_MSGSEND = YES;
				GCC_C_LANGUAGE_STANDARD = gnu11;
				GCC_NO_COMMON_BLOCKS = YES;
				GCC_WARN_64_TO_32_BIT_CONVERSION = YES;
				GCC_WARN_ABOUT_RETURN_TYPE = YES_ERROR;
				GCC_WARN_UNDECLARED_SELECTOR = YES;
				GCC_WARN_UNINITIALIZED_AUTOS = YES_AGGRESSIVE;
				GCC_WARN_UNUSED_FUNCTION = YES;
				GCC_WARN_UNUSED_VARIABLE = YES;
				IPHONEOS_DEPLOYMENT_TARGET = 11.0;
				MTL_ENABLE_DEBUG_INFO = NO;
				SDKROOT = iphoneos;
				SWIFT_OPTIMIZATION_LEVEL = "-Owholemodule";
				VALIDATE_PRODUCT = YES;
			};
			name = Release;
		};
		1B067D5A20583727005CD630 /* Debug */ = {
			isa = XCBuildConfiguration;
			buildSettings = {
				ASSETCATALOG_COMPILER_APPICON_NAME = AppIcon;
				CODE_SIGN_STYLE = Automatic;
				INFOPLIST_FILE = UINavigationControllerExample/Info.plist;
				LD_RUNPATH_SEARCH_PATHS = "$(inherited) @executable_path/Frameworks";
				PRODUCT_BUNDLE_IDENTIFIER = com.chhaichivon.UINavigationControllerExample;
				PRODUCT_NAME = "$(TARGET_NAME)";
				SWIFT_VERSION = 4.0;
				TARGETED_DEVICE_FAMILY = "1,2";
			};
			name = Debug;
		};
		1B067D5B20583727005CD630 /* Release */ = {
			isa = XCBuildConfiguration;
			buildSettings = {
				ASSETCATALOG_COMPILER_APPICON_NAME = AppIcon;
				CODE_SIGN_STYLE = Automatic;
				INFOPLIST_FILE = UINavigationControllerExample/Info.plist;
				LD_RUNPATH_SEARCH_PATHS = "$(inherited) @executable_path/Frameworks";
				PRODUCT_BUNDLE_IDENTIFIER = com.chhaichivon.UINavigationControllerExample;
				PRODUCT_NAME = "$(TARGET_NAME)";
				SWIFT_VERSION = 4.0;
				TARGETED_DEVICE_FAMILY = "1,2";
			};
			name = Release;
		};
/* End XCBuildConfiguration section */

/* Begin XCConfigurationList section */
		1B067D4220583727005CD630 /* Build configuration list for PBXProject "UINavigationControllerExample" */ = {
			isa = XCConfigurationList;
			buildConfigurations = (
				1B067D5720583727005CD630 /* Debug */,
				1B067D5820583727005CD630 /* Release */,
			);
			defaultConfigurationIsVisible = 0;
			defaultConfigurationName = Release;
		};
		1B067D5920583727005CD630 /* Build configuration list for PBXNativeTarget "UINavigationControllerExample" */ = {
			isa = XCConfigurationList;
			buildConfigurations = (
				1B067D5A20583727005CD630 /* Debug */,
				1B067D5B20583727005CD630 /* Release */,
			);
			defaultConfigurationIsVisible = 0;
			defaultConfigurationName = Release;
		};
/* End XCConfigurationList section */
	};
	rootObject = 1B067D3F20583727005CD630 /* Project object */;
}
